
Microsoft Visual Studio Solution File, Format Version 12.00
# Visual Studio Version 16
VisualStudioVersion = 16.0.30717.126
MinimumVisualStudioVersion = 10.0.40219.1
Project("{9A19103F-16F7-4668-BE54-9A1E7A4F7556}") = "Pixcren", "Pixcren\Pixcren.csproj", "{6CE223E3-BA64-4692-8999-FEDCB4D394CD}"
EndProject
Project("{2150E333-8FDC-42A3-9474-1A3956D46DE8}") = "Solution Items", "Solution Items", "{EBA958F2-E87C-4269-826E-9D1193F782A0}"
	ProjectSection(SolutionItems) = preProject
		.editorconfig = .editorconfig
	EndProjectSection
EndProject
Global
	GlobalSection(SolutionConfigurationPlatforms) = preSolution
		Debug|Any CPU = Debug|Any CPU
		Release|Any CPU = Release|Any CPU
	EndGlobalSection
	GlobalSection(ProjectConfigurationPlatforms) = postSolution
		{6CE223E3-BA64-4692-8999-FEDCB4D394CD}.Debug|Any CPU.ActiveCfg = Debug|x64
		{6CE223E3-BA64-4692-8999-FEDCB4D394CD}.Debug|Any CPU.Build.0 = Debug|x64
		{6CE223E3-BA64-4692-8999-FEDCB4D394CD}.Release|Any CPU.ActiveCfg = Release|x64
		{6CE223E3-BA64-4692-8999-FEDCB4D394CD}.Release|Any CPU.Build.0 = Release|x64
	EndGlobalSection
	GlobalSection(SolutionProperties) = preSolution
		HideSolutionNode = FALSE
	EndGlobalSection
	GlobalSection(ExtensibilityGlobals) = postSolution
		SolutionGuid = {C91868EF-F57F-4941-A72A-9502D19480B6}
	EndGlobalSection
EndGlobal
